
Microsoft Visual Studio Solution File, Format Version 12.00
# Visual Studio Version 16
VisualStudioVersion = 16.0.29306.81
MinimumVisualStudioVersion = 10.0.40219.1
Project("{FAE04EC0-301F-11D3-BF4B-00C04F79EFBC}") = "Game", "Game\Game.csproj", "{9B3B6BCE-9622-4E6A-B0B7-4A00F6E45D63}"
EndProject
Global
	GlobalSection(SolutionConfigurationPlatforms) = preSolution
		Debug|Any CPU = Debug|Any CPU
		Release|Any CPU = Release|Any CPU
	EndGlobalSection
	GlobalSection(ProjectConfigurationPlatforms) = postSolution
		{9B3B6BCE-9622-4E6A-B0B7-4A00F6E45D63}.Debug|Any CPU.ActiveCfg = Debug|Any CPU
		{9B3B6BCE-9622-4E6A-B0B7-4A00F6E45D63}.Debug|Any CPU.Build.0 = Debug|Any CPU
		{9B3B6BCE-9622-4E6A-B0B7-4A00F6E45D63}.Release|Any CPU.ActiveCfg = Release|Any CPU
		{9B3B6BCE-9622-4E6A-B0B7-4A00F6E45D63}.Release|Any CPU.Build.0 = Release|Any CPU
	EndGlobalSection
	GlobalSection(SolutionProperties) = preSolution
		HideSolutionNode = FALSE
	EndGlobalSection
	GlobalSection(ExtensibilityGlobals) = postSolution
		SolutionGuid = {DA0224B3-C633-4CDD-BFF5-082E6C918FF2}
	EndGlobalSection
EndGlobal
